
Microsoft Visual Studio Solution File, Format Version 12.00
# Visual Studio Version 17
VisualStudioVersion = 17.11.35327.3
MinimumVisualStudioVersion = 10.0.40219.1
Project("{2150E333-8FDC-42A3-9474-1A3956D46DE8}") = "01 Web", "01 Web", "{6F84AC23-DEEA-4B7F-A1B6-B0654A179FC9}"
EndProject
Project("{2150E333-8FDC-42A3-9474-1A3956D46DE8}") = "02 Service", "02 Service", "{DCC95733-A618-4653-B289-05A435824336}"
EndProject
Project("{2150E333-8FDC-42A3-9474-1A3956D46DE8}") = "03 BusinessLogic", "03 BusinessLogic", "{8C60452C-A954-4B24-BB9A-43D24AB19DD6}"
EndProject
Project("{2150E333-8FDC-42A3-9474-1A3956D46DE8}") = "04 Data", "04 Data", "{BB5473B1-F5EB-47AE-A76E-680AD999196F}"
EndProject
Project("{2150E333-8FDC-42A3-9474-1A3956D46DE8}") = "05 Shared", "05 Shared", "{BC2735D8-1653-45F9-B1A6-F43D1923084B}"
EndProject
Project("{9A19103F-16F7-4668-BE54-9A1E7A4F7556}") = "Web.Core", "Web.Core\Web.Core\Web.Core.csproj", "{4139AFDF-8ABF-4614-9B21-27373381BEB7}"
EndProject
Project("{9A19103F-16F7-4668-BE54-9A1E7A4F7556}") = "Web.Core.Client", "Web.Core\Web.Core.Client\Web.Core.Client.csproj", "{7B5AB6F6-4709-4464-939D-6CBD568F9775}"
EndProject
Project("{9A19103F-16F7-4668-BE54-9A1E7A4F7556}") = "Web.Core.Api", "Web.Core.Api\Web.Core.Api.csproj", "{C0A31B38-C98C-4F72-B498-EDBFF1DD8D5F}"
EndProject
Project("{9A19103F-16F7-4668-BE54-9A1E7A4F7556}") = "Data.Context", "Data.Context\Data.Context.csproj", "{CEBE5969-8FB9-4613-A194-F9FB36574B97}"
EndProject
Project("{9A19103F-16F7-4668-BE54-9A1E7A4F7556}") = "Data.Entities", "Data.Entities\Data.Entities.csproj", "{E97E8E71-51FB-483D-A6E8-3F7EBC72603A}"
EndProject
Project("{9A19103F-16F7-4668-BE54-9A1E7A4F7556}") = "Shared.Interfaces", "Shared.Interfaces\Shared.Interfaces.csproj", "{31E737C3-45C9-45B8-9E96-DED80C42F3D8}"
EndProject
Project("{9A19103F-16F7-4668-BE54-9A1E7A4F7556}") = "Shared.Enums", "Shared.Enums\Shared.Enums.csproj", "{5D30AF81-470D-4FED-AE8C-7EBBC0A36656}"
EndProject
Project("{9A19103F-16F7-4668-BE54-9A1E7A4F7556}") = "BusinessLogic.Shared", "BusinessLogic.Shared\BusinessLogic.Shared.csproj", "{BA9467F4-064E-4134-ABE0-31A97FEFDABF}"
EndProject
Project("{9A19103F-16F7-4668-BE54-9A1E7A4F7556}") = "Shared.Models", "Shared.Models\Shared.Models.csproj", "{49F226DF-9AC5-453C-B462-5193F681A89E}"
EndProject
Project("{9A19103F-16F7-4668-BE54-9A1E7A4F7556}") = "Service.Api", "Service.Api\Service.Api.csproj", "{0D56ABB5-B926-49FF-830D-6F742E1AEC9C}"
EndProject
Project("{9A19103F-16F7-4668-BE54-9A1E7A4F7556}") = "Shared.Http", "Shared.Http\Shared.Http.csproj", "{487750ED-E171-454D-AB1D-1F0473D20208}"
EndProject
Project("{9A19103F-16F7-4668-BE54-9A1E7A4F7556}") = "Shared.Images", "Shared.Images\Shared.Images.csproj", "{197289B3-A83E-4F96-9C4E-8FB905A807A1}"
EndProject
Project("{9A19103F-16F7-4668-BE54-9A1E7A4F7556}") = "Shared.Resources", "Shared.Resources\Shared.Resources.csproj", "{80DD3E13-C176-41EE-92EB-4A3E8604FA23}"
EndProject
Project("{9A19103F-16F7-4668-BE54-9A1E7A4F7556}") = "Web.Core.Shared", "Web.Core.Shared\Web.Core.Shared.csproj", "{281455EF-E3AE-499B-888E-0E5F0D1D83DD}"
EndProject
Project("{9A19103F-16F7-4668-BE54-9A1E7A4F7556}") = "BusinessLogic.Administration", "BusinessLogic.Administration\BusinessLogic.Administration.csproj", "{33E939D5-5917-4BD3-8574-FA1B7AA4E28D}"
EndProject
Global
	GlobalSection(SolutionConfigurationPlatforms) = preSolution
		Debug|Any CPU = Debug|Any CPU
		Release|Any CPU = Release|Any CPU
	EndGlobalSection
	GlobalSection(ProjectConfigurationPlatforms) = postSolution
		{4139AFDF-8ABF-4614-9B21-27373381BEB7}.Debug|Any CPU.ActiveCfg = Debug|Any CPU
		{4139AFDF-8ABF-4614-9B21-27373381BEB7}.Debug|Any CPU.Build.0 = Debug|Any CPU
		{4139AFDF-8ABF-4614-9B21-27373381BEB7}.Release|Any CPU.ActiveCfg = Release|Any CPU
		{4139AFDF-8ABF-4614-9B21-27373381BEB7}.Release|Any CPU.Build.0 = Release|Any CPU
		{7B5AB6F6-4709-4464-939D-6CBD568F9775}.Debug|Any CPU.ActiveCfg = Debug|Any CPU
		{7B5AB6F6-4709-4464-939D-6CBD568F9775}.Debug|Any CPU.Build.0 = Debug|Any CPU
		{7B5AB6F6-4709-4464-939D-6CBD568F9775}.Release|Any CPU.ActiveCfg = Release|Any CPU
		{7B5AB6F6-4709-4464-939D-6CBD568F9775}.Release|Any CPU.Build.0 = Release|Any CPU
		{C0A31B38-C98C-4F72-B498-EDBFF1DD8D5F}.Debug|Any CPU.ActiveCfg = Debug|Any CPU
		{C0A31B38-C98C-4F72-B498-EDBFF1DD8D5F}.Debug|Any CPU.Build.0 = Debug|Any CPU
		{C0A31B38-C98C-4F72-B498-EDBFF1DD8D5F}.Release|Any CPU.ActiveCfg = Release|Any CPU
		{C0A31B38-C98C-4F72-B498-EDBFF1DD8D5F}.Release|Any CPU.Build.0 = Release|Any CPU
		{CEBE5969-8FB9-4613-A194-F9FB36574B97}.Debug|Any CPU.ActiveCfg = Debug|Any CPU
		{CEBE5969-8FB9-4613-A194-F9FB36574B97}.Debug|Any CPU.Build.0 = Debug|Any CPU
		{CEBE5969-8FB9-4613-A194-F9FB36574B97}.Release|Any CPU.ActiveCfg = Release|Any CPU
		{CEBE5969-8FB9-4613-A194-F9FB36574B97}.Release|Any CPU.Build.0 = Release|Any CPU
		{E97E8E71-51FB-483D-A6E8-3F7EBC72603A}.Debug|Any CPU.ActiveCfg = Debug|Any CPU
		{E97E8E71-51FB-483D-A6E8-3F7EBC72603A}.Debug|Any CPU.Build.0 = Debug|Any CPU
		{E97E8E71-51FB-483D-A6E8-3F7EBC72603A}.Release|Any CPU.ActiveCfg = Release|Any CPU
		{E97E8E71-51FB-483D-A6E8-3F7EBC72603A}.Release|Any CPU.Build.0 = Release|Any CPU
		{31E737C3-45C9-45B8-9E96-DED80C42F3D8}.Debug|Any CPU.ActiveCfg = Debug|Any CPU
		{31E737C3-45C9-45B8-9E96-DED80C42F3D8}.Debug|Any CPU.Build.0 = Debug|Any CPU
		{31E737C3-45C9-45B8-9E96-DED80C42F3D8}.Release|Any CPU.ActiveCfg = Release|Any CPU
		{31E737C3-45C9-45B8-9E96-DED80C42F3D8}.Release|Any CPU.Build.0 = Release|Any CPU
		{5D30AF81-470D-4FED-AE8C-7EBBC0A36656}.Debug|Any CPU.ActiveCfg = Debug|Any CPU
		{5D30AF81-470D-4FED-AE8C-7EBBC0A36656}.Debug|Any CPU.Build.0 = Debug|Any CPU
		{5D30AF81-470D-4FED-AE8C-7EBBC0A36656}.Release|Any CPU.ActiveCfg = Release|Any CPU
		{5D30AF81-470D-4FED-AE8C-7EBBC0A36656}.Release|Any CPU.Build.0 = Release|Any CPU
		{BA9467F4-064E-4134-ABE0-31A97FEFDABF}.Debug|Any CPU.ActiveCfg = Debug|Any CPU
		{BA9467F4-064E-4134-ABE0-31A97FEFDABF}.Debug|Any CPU.Build.0 = Debug|Any CPU
		{BA9467F4-064E-4134-ABE0-31A97FEFDABF}.Release|Any CPU.ActiveCfg = Release|Any CPU
		{BA9467F4-064E-4134-ABE0-31A97FEFDABF}.Release|Any CPU.Build.0 = Release|Any CPU
		{49F226DF-9AC5-453C-B462-5193F681A89E}.Debug|Any CPU.ActiveCfg = Debug|Any CPU
		{49F226DF-9AC5-453C-B462-5193F681A89E}.Debug|Any CPU.Build.0 = Debug|Any CPU
		{49F226DF-9AC5-453C-B462-5193F681A89E}.Release|Any CPU.ActiveCfg = Release|Any CPU
		{49F226DF-9AC5-453C-B462-5193F681A89E}.Release|Any CPU.Build.0 = Release|Any CPU
		{0D56ABB5-B926-49FF-830D-6F742E1AEC9C}.Debug|Any CPU.ActiveCfg = Debug|Any CPU
		{0D56ABB5-B926-49FF-830D-6F742E1AEC9C}.Debug|Any CPU.Build.0 = Debug|Any CPU
		{0D56ABB5-B926-49FF-830D-6F742E1AEC9C}.Release|Any CPU.ActiveCfg = Release|Any CPU
		{0D56ABB5-B926-49FF-830D-6F742E1AEC9C}.Release|Any CPU.Build.0 = Release|Any CPU
		{487750ED-E171-454D-AB1D-1F0473D20208}.Debug|Any CPU.ActiveCfg = Debug|Any CPU
		{487750ED-E171-454D-AB1D-1F0473D20208}.Debug|Any CPU.Build.0 = Debug|Any CPU
		{487750ED-E171-454D-AB1D-1F0473D20208}.Release|Any CPU.ActiveCfg = Release|Any CPU
		{487750ED-E171-454D-AB1D-1F0473D20208}.Release|Any CPU.Build.0 = Release|Any CPU
		{197289B3-A83E-4F96-9C4E-8FB905A807A1}.Debug|Any CPU.ActiveCfg = Debug|Any CPU
		{197289B3-A83E-4F96-9C4E-8FB905A807A1}.Debug|Any CPU.Build.0 = Debug|Any CPU
		{197289B3-A83E-4F96-9C4E-8FB905A807A1}.Release|Any CPU.ActiveCfg = Release|Any CPU
		{197289B3-A83E-4F96-9C4E-8FB905A807A1}.Release|Any CPU.Build.0 = Release|Any CPU
		{80DD3E13-C176-41EE-92EB-4A3E8604FA23}.Debug|Any CPU.ActiveCfg = Debug|Any CPU
		{80DD3E13-C176-41EE-92EB-4A3E8604FA23}.Debug|Any CPU.Build.0 = Debug|Any CPU
		{80DD3E13-C176-41EE-92EB-4A3E8604FA23}.Release|Any CPU.ActiveCfg = Release|Any CPU
		{80DD3E13-C176-41EE-92EB-4A3E8604FA23}.Release|Any CPU.Build.0 = Release|Any CPU
		{281455EF-E3AE-499B-888E-0E5F0D1D83DD}.Debug|Any CPU.ActiveCfg = Debug|Any CPU
		{281455EF-E3AE-499B-888E-0E5F0D1D83DD}.Debug|Any CPU.Build.0 = Debug|Any CPU
		{281455EF-E3AE-499B-888E-0E5F0D1D83DD}.Release|Any CPU.ActiveCfg = Release|Any CPU
		{281455EF-E3AE-499B-888E-0E5F0D1D83DD}.Release|Any CPU.Build.0 = Release|Any CPU
		{33E939D5-5917-4BD3-8574-FA1B7AA4E28D}.Debug|Any CPU.ActiveCfg = Debug|Any CPU
		{33E939D5-5917-4BD3-8574-FA1B7AA4E28D}.Debug|Any CPU.Build.0 = Debug|Any CPU
		{33E939D5-5917-4BD3-8574-FA1B7AA4E28D}.Release|Any CPU.ActiveCfg = Release|Any CPU
		{33E939D5-5917-4BD3-8574-FA1B7AA4E28D}.Release|Any CPU.Build.0 = Release|Any CPU
	EndGlobalSection
	GlobalSection(SolutionProperties) = preSolution
		HideSolutionNode = FALSE
	EndGlobalSection
	GlobalSection(NestedProjects) = preSolution
		{4139AFDF-8ABF-4614-9B21-27373381BEB7} = {6F84AC23-DEEA-4B7F-A1B6-B0654A179FC9}
		{7B5AB6F6-4709-4464-939D-6CBD568F9775} = {6F84AC23-DEEA-4B7F-A1B6-B0654A179FC9}
		{C0A31B38-C98C-4F72-B498-EDBFF1DD8D5F} = {6F84AC23-DEEA-4B7F-A1B6-B0654A179FC9}
		{CEBE5969-8FB9-4613-A194-F9FB36574B97} = {BB5473B1-F5EB-47AE-A76E-680AD999196F}
		{E97E8E71-51FB-483D-A6E8-3F7EBC72603A} = {BB5473B1-F5EB-47AE-A76E-680AD999196F}
		{31E737C3-45C9-45B8-9E96-DED80C42F3D8} = {BC2735D8-1653-45F9-B1A6-F43D1923084B}
		{5D30AF81-470D-4FED-AE8C-7EBBC0A36656} = {BC2735D8-1653-45F9-B1A6-F43D1923084B}
		{BA9467F4-064E-4134-ABE0-31A97FEFDABF} = {8C60452C-A954-4B24-BB9A-43D24AB19DD6}
		{49F226DF-9AC5-453C-B462-5193F681A89E} = {BC2735D8-1653-45F9-B1A6-F43D1923084B}
		{0D56ABB5-B926-49FF-830D-6F742E1AEC9C} = {DCC95733-A618-4653-B289-05A435824336}
		{487750ED-E171-454D-AB1D-1F0473D20208} = {BC2735D8-1653-45F9-B1A6-F43D1923084B}
		{197289B3-A83E-4F96-9C4E-8FB905A807A1} = {BC2735D8-1653-45F9-B1A6-F43D1923084B}
		{80DD3E13-C176-41EE-92EB-4A3E8604FA23} = {BC2735D8-1653-45F9-B1A6-F43D1923084B}
		{281455EF-E3AE-499B-888E-0E5F0D1D83DD} = {6F84AC23-DEEA-4B7F-A1B6-B0654A179FC9}
		{33E939D5-5917-4BD3-8574-FA1B7AA4E28D} = {8C60452C-A954-4B24-BB9A-43D24AB19DD6}
	EndGlobalSection
	GlobalSection(ExtensibilityGlobals) = postSolution
		SolutionGuid = {15D5A3C1-C235-451E-9634-71CCBBE08B95}
	EndGlobalSection
EndGlobal
